
Microsoft Visual Studio Solution File, Format Version 12.00
# Visual Studio Version 16
VisualStudioVersion = 16.0.30114.105
MinimumVisualStudioVersion = 10.0.40219.1
Project("{9A19103F-16F7-4668-BE54-9A1E7A4F7556}") = "InfoPlus", "InfoPlus.csproj", "{48FEB08E-6AFA-46F1-972B-03AB0797AAE2}"
EndProject
Global
	GlobalSection(SolutionConfigurationPlatforms) = preSolution
		Debug|Any CPU = Debug|Any CPU
		Release|Any CPU = Release|Any CPU
	EndGlobalSection
	GlobalSection(ProjectConfigurationPlatforms) = postSolution
		{48FEB08E-6AFA-46F1-972B-03AB0797AAE2}.Debug|Any CPU.ActiveCfg = Debug|Any CPU
		{48FEB08E-6AFA-46F1-972B-03AB0797AAE2}.Debug|Any CPU.Build.0 = Debug|Any CPU
		{48FEB08E-6AFA-46F1-972B-03AB0797AAE2}.Release|Any CPU.ActiveCfg = Release|Any CPU
		{48FEB08E-6AFA-46F1-972B-03AB0797AAE2}.Release|Any CPU.Build.0 = Release|Any CPU
	EndGlobalSection
	GlobalSection(SolutionProperties) = preSolution
		HideSolutionNode = FALSE
	EndGlobalSection
	GlobalSection(ExtensibilityGlobals) = postSolution
		SolutionGuid = {1A6C97E1-6BAC-4561-B6AC-0ACFE98B9A28}
	EndGlobalSection
EndGlobal
